{
  "lockfileVersion": 1,
  "workspaces": {
    "": {
      "name": "countdown-timer",
      "devDependencies": {
        "@happy-dom/global-registrator": "^17.4.7",
        "@sinonjs/fake-timers": "^14.0.0",
      },
    },
  },
  "packages": {
    "@happy-dom/global-registrator": ["@happy-dom/global-registrator@17.4.7", "", { "dependencies": { "happy-dom": "^17.4.7" } }, "sha512-BsKWeI115LT0J/lKJ4Kz638oy4zO+nC4TLh3cYPY6BBypttPZg8Fg+EXL2If4KHMSy3Wx+yRiM+68Hr1iGgiWA=="],

    "@sinonjs/commons": ["@sinonjs/commons@3.0.1", "", { "dependencies": { "type-detect": "4.0.8" } }, "sha512-K3mCHKQ9sVh8o1C9cxkwxaOmXoAMlDxC1mYyHrjqOWEcBjYr76t96zL2zlj5dUGZ3HSw240X1qgH3Mjf1yJWpQ=="],

    "@sinonjs/fake-timers": ["@sinonjs/fake-timers@14.0.0", "", { "dependencies": { "@sinonjs/commons": "^3.0.1" } }, "sha512-QfoXRaUTjMVVn/ZbnD4LS3TPtqOkOdKIYCKldIVPnuClcwRKat6LI2mRZ2s5qiBfO6Fy03An35dSls/2/FEc0Q=="],

    "happy-dom": ["happy-dom@17.4.7", "", { "dependencies": { "webidl-conversions": "^7.0.0", "whatwg-mimetype": "^3.0.0" } }, "sha512-NZypxadhCiV5NT4A+Y86aQVVKQ05KDmueja3sz008uJfDRwz028wd0aTiJPwo4RQlvlz0fznkEEBBCHVNWc08g=="],

    "type-detect": ["type-detect@4.0.8", "", {}, "sha512-0fr/mIH1dlO+x7TlcMy+bIDqKPsw/70tVyeHW787goQjhmqaZe10uwLujubK9q9Lg6Fiho1KUKDYz0Z7k7g5/g=="],

    "webidl-conversions": ["webidl-conversions@7.0.0", "", {}, "sha512-VwddBukDzu71offAQR975unBIGqfKZpM+8ZX6ySk8nYhVoo5CYaZyzt3YBvYtRtO+aoGlqxPg/B87NGVZ/fu6g=="],

    "whatwg-mimetype": ["whatwg-mimetype@3.0.0", "", {}, "sha512-nt+N2dzIutVRxARx1nghPKGv1xHikU7HKdfafKkLNLindmPU/ch3U31NOCGGA/dmPcmb1VlofO0vnKAcsm0o/Q=="],
  }
}
